
Microsoft Visual Studio Solution File, Format Version 12.00
# Visual Studio Version 17
VisualStudioVersion = 17.8.34511.84
MinimumVisualStudioVersion = 10.0.40219.1
Project("{FAE04EC0-301F-11D3-BF4B-00C04F79EFBC}") = "FileExercises", "FileExercises\FileExercises.csproj", "{8127EB57-B60B-41A6-B648-B8728A0B8FF8}"
EndProject
Global
	GlobalSection(SolutionConfigurationPlatforms) = preSolution
		Debug|Any CPU = Debug|Any CPU
		Release|Any CPU = Release|Any CPU
	EndGlobalSection
	GlobalSection(ProjectConfigurationPlatforms) = postSolution
		{8127EB57-B60B-41A6-B648-B8728A0B8FF8}.Debug|Any CPU.ActiveCfg = Debug|Any CPU
		{8127EB57-B60B-41A6-B648-B8728A0B8FF8}.Debug|Any CPU.Build.0 = Debug|Any CPU
		{8127EB57-B60B-41A6-B648-B8728A0B8FF8}.Release|Any CPU.ActiveCfg = Release|Any CPU
		{8127EB57-B60B-41A6-B648-B8728A0B8FF8}.Release|Any CPU.Build.0 = Release|Any CPU
	EndGlobalSection
	GlobalSection(SolutionProperties) = preSolution
		HideSolutionNode = FALSE
	EndGlobalSection
	GlobalSection(ExtensibilityGlobals) = postSolution
		SolutionGuid = {DCCB59AD-7BDA-4ECF-BB54-ADA5AE2FDA49}
	EndGlobalSection
EndGlobal
